{
  "version": 4,
  "terraform_version": "1.1.6",
  "serial": 315,
  "lineage": "0b3a4de7-6910-2e8b-d5a5-0a61836b662f",
  "outputs": {},
  "resources": [
    {
      "mode": "managed",
      "type": "azurerm_linux_virtual_machine",
      "name": "azcp2VM",
      "provider": "provider[\"registry.terraform.io/hashicorp/azurerm\"]",
      "instances": [
        {
          "index_key": 0,
          "schema_version": 0,
          "attributes": {
            "additional_capabilities": [],
            "admin_password": null,
            "admin_ssh_key": [
              {
                "public_key": "ssh-rsa AAAAB3NzaC1yc2EAAAADAQABAAACAQDTG8uivVzMRNNB3DiFxQ6XecDknqBuRcY8sM5XhAQWMgngD2+MjktAIUww3j0ei9458Ijcut4tpHs/9Ab/V7JaWy2nCJP/Pg848AOBU+mE1KKxguBvP9Afx6blDWrVauQOGucpxU7ryjzGAegJxPbmDBRqUvQLm+awT/Q/qlTSxXrCujSp/6PeqSVg9gXuBpCcRIAcoYM5p7/zzE6y4PskjwcXdRFFrfYnJ+fvhNu3aOjLJXOkd71krP9qGNrFQoflpelQWwpbt8IamNZ3sgG3ObLARCqQ554xbOlL58rgoonemQ2BOoRn0yKZ5YFcL5rBhiGyz1HcBVkSC8FyNr6Ne7tTXSCj5LmE4vCknEQE3n4Z+83YXdjlhMkr9/UIUYwnGSo8R4EBRyUAx1MDor4f/lasRAPvaPnGK+cAxc2UORxgiXY+l5nn6BkuDIlh1L0uVg9olmKxc2FrTsk7ULg8hceN334wt7BEzHmP9eGMYFlCebUleM3WFaqASAvDbJFFbPj8xyuZ4NaSwHy1kxva4xidAGmCMU/3WzK+JlRURpoldC6DLY7WvbGPA3NC7kiX84UhZ/nB/F0Y7VfGOXksDbOh7WTpu4m+1vaiPXiHNmXJp23cZ5cOgTMvvQ7ZIVWW/DXNSGoqrnBFzgfWJ30n3fK5Gs7v6bkzQFShUXwZ2w== e012822@invesyde-mrrn\n",
                "username": "adminUsername"
              }
            ],
            "admin_username": "adminUsername",
            "allow_extension_operations": true,
            "availability_set_id": "",
            "boot_diagnostics": [
              {
                "storage_account_uri": "https://straccountunircp2mrr.blob.core.windows.net/"
              }
            ],
            "computer_name": "azcp2Vm-master",
            "custom_data": null,
            "dedicated_host_id": "",
            "disable_password_authentication": true,
            "encryption_at_host_enabled": false,
            "eviction_policy": "",
            "extensions_time_budget": "PT1H30M",
            "id": "/subscriptions/0fd87731-d420-4798-ad4d-b180e5830b22/resourceGroups/kubernetes_rscgcp2/providers/Microsoft.Compute/virtualMachines/azcp2Vm-master",
            "identity": [],
            "location": "westeurope",
            "max_bid_price": -1,
            "name": "azcp2Vm-master",
            "network_interface_ids": [
              "/subscriptions/0fd87731-d420-4798-ad4d-b180e5830b22/resourceGroups/kubernetes_rscgcp2/providers/Microsoft.Network/networkInterfaces/nic-master"
            ],
            "os_disk": [
              {
                "caching": "ReadWrite",
                "diff_disk_settings": [],
                "disk_encryption_set_id": "",
                "disk_size_gb": 30,
                "name": "azcp2Vm-master_OsDisk_1_f1027cbeca97401f8f1da99b394b4474",
                "storage_account_type": "Standard_LRS",
                "write_accelerator_enabled": false
              }
            ],
            "plan": [
              {
                "name": "centos-8-stream-free",
                "product": "centos-8-stream-free",
                "publisher": "cognosys"
              }
            ],
            "priority": "Regular",
            "private_ip_address": "10.0.1.10",
            "private_ip_addresses": [
              "10.0.1.10"
            ],
            "provision_vm_agent": true,
            "proximity_placement_group_id": "",
            "public_ip_address": "20.224.78.253",
            "public_ip_addresses": [
              "20.224.78.253"
            ],
            "resource_group_name": "kubernetes_rscgcp2",
            "secret": [],
            "size": "Standard_D1_v2",
            "source_image_id": "",
            "source_image_reference": [
              {
                "offer": "centos-8-stream-free",
                "publisher": "cognosys",
                "sku": "centos-8-stream-free",
                "version": "1.2019.0810"
              }
            ],
            "tags": {
              "environment": "cp2"
            },
            "timeouts": null,
            "virtual_machine_id": "f2db72ae-2560-4148-bf96-45fceb830093",
            "virtual_machine_scale_set_id": "",
            "zone": ""
          },
          "sensitive_attributes": [],
          "private": "eyJlMmJmYjczMC1lY2FhLTExZTYtOGY4OC0zNDM2M2JjN2M0YzAiOnsiY3JlYXRlIjoyNzAwMDAwMDAwMDAwLCJkZWxldGUiOjI3MDAwMDAwMDAwMDAsInJlYWQiOjMwMDAwMDAwMDAwMCwidXBkYXRlIjoyNzAwMDAwMDAwMDAwfX0=",
          "dependencies": [
            "azurerm_network_interface.azcp2Nic",
            "azurerm_public_ip.azcp2PublicIp",
            "azurerm_resource_group.azcp2rg",
            "azurerm_storage_account.azcp2stacnt",
            "azurerm_subnet.azcp2Subnet",
            "azurerm_virtual_network.azcp2Net"
          ]
        },
        {
          "index_key": 1,
          "schema_version": 0,
          "attributes": {
            "additional_capabilities": [],
            "admin_password": null,
            "admin_ssh_key": [
              {
                "public_key": "ssh-rsa AAAAB3NzaC1yc2EAAAADAQABAAACAQDTG8uivVzMRNNB3DiFxQ6XecDknqBuRcY8sM5XhAQWMgngD2+MjktAIUww3j0ei9458Ijcut4tpHs/9Ab/V7JaWy2nCJP/Pg848AOBU+mE1KKxguBvP9Afx6blDWrVauQOGucpxU7ryjzGAegJxPbmDBRqUvQLm+awT/Q/qlTSxXrCujSp/6PeqSVg9gXuBpCcRIAcoYM5p7/zzE6y4PskjwcXdRFFrfYnJ+fvhNu3aOjLJXOkd71krP9qGNrFQoflpelQWwpbt8IamNZ3sgG3ObLARCqQ554xbOlL58rgoonemQ2BOoRn0yKZ5YFcL5rBhiGyz1HcBVkSC8FyNr6Ne7tTXSCj5LmE4vCknEQE3n4Z+83YXdjlhMkr9/UIUYwnGSo8R4EBRyUAx1MDor4f/lasRAPvaPnGK+cAxc2UORxgiXY+l5nn6BkuDIlh1L0uVg9olmKxc2FrTsk7ULg8hceN334wt7BEzHmP9eGMYFlCebUleM3WFaqASAvDbJFFbPj8xyuZ4NaSwHy1kxva4xidAGmCMU/3WzK+JlRURpoldC6DLY7WvbGPA3NC7kiX84UhZ/nB/F0Y7VfGOXksDbOh7WTpu4m+1vaiPXiHNmXJp23cZ5cOgTMvvQ7ZIVWW/DXNSGoqrnBFzgfWJ30n3fK5Gs7v6bkzQFShUXwZ2w== e012822@invesyde-mrrn\n",
                "username": "adminUsername"
              }
            ],
            "admin_username": "adminUsername",
            "allow_extension_operations": true,
            "availability_set_id": "",
            "boot_diagnostics": [
              {
                "storage_account_uri": "https://straccountunircp2mrr.blob.core.windows.net/"
              }
            ],
            "computer_name": "azcp2Vm-worker01",
            "custom_data": null,
            "dedicated_host_id": "",
            "disable_password_authentication": true,
            "encryption_at_host_enabled": false,
            "eviction_policy": "",
            "extensions_time_budget": "PT1H30M",
            "id": "/subscriptions/0fd87731-d420-4798-ad4d-b180e5830b22/resourceGroups/kubernetes_rscgcp2/providers/Microsoft.Compute/virtualMachines/azcp2Vm-worker01",
            "identity": [],
            "location": "westeurope",
            "max_bid_price": -1,
            "name": "azcp2Vm-worker01",
            "network_interface_ids": [
              "/subscriptions/0fd87731-d420-4798-ad4d-b180e5830b22/resourceGroups/kubernetes_rscgcp2/providers/Microsoft.Network/networkInterfaces/nic-worker01"
            ],
            "os_disk": [
              {
                "caching": "ReadWrite",
                "diff_disk_settings": [],
                "disk_encryption_set_id": "",
                "disk_size_gb": 30,
                "name": "azcp2Vm-worker01_OsDisk_1_251c02fc4709402da666b95035326ebc",
                "storage_account_type": "Standard_LRS",
                "write_accelerator_enabled": false
              }
            ],
            "plan": [
              {
                "name": "centos-8-stream-free",
                "product": "centos-8-stream-free",
                "publisher": "cognosys"
              }
            ],
            "priority": "Regular",
            "private_ip_address": "10.0.1.11",
            "private_ip_addresses": [
              "10.0.1.11"
            ],
            "provision_vm_agent": true,
            "proximity_placement_group_id": "",
            "public_ip_address": "20.229.107.150",
            "public_ip_addresses": [
              "20.229.107.150"
            ],
            "resource_group_name": "kubernetes_rscgcp2",
            "secret": [],
            "size": "Standard_D1_v2",
            "source_image_id": "",
            "source_image_reference": [
              {
                "offer": "centos-8-stream-free",
                "publisher": "cognosys",
                "sku": "centos-8-stream-free",
                "version": "1.2019.0810"
              }
            ],
            "tags": {
              "environment": "cp2"
            },
            "timeouts": null,
            "virtual_machine_id": "08fe2ebc-e0f0-44ba-b983-ef4b3c381895",
            "virtual_machine_scale_set_id": "",
            "zone": ""
          },
          "sensitive_attributes": [],
          "private": "eyJlMmJmYjczMC1lY2FhLTExZTYtOGY4OC0zNDM2M2JjN2M0YzAiOnsiY3JlYXRlIjoyNzAwMDAwMDAwMDAwLCJkZWxldGUiOjI3MDAwMDAwMDAwMDAsInJlYWQiOjMwMDAwMDAwMDAwMCwidXBkYXRlIjoyNzAwMDAwMDAwMDAwfX0=",
          "dependencies": [
            "azurerm_network_interface.azcp2Nic",
            "azurerm_public_ip.azcp2PublicIp",
            "azurerm_resource_group.azcp2rg",
            "azurerm_storage_account.azcp2stacnt",
            "azurerm_subnet.azcp2Subnet",
            "azurerm_virtual_network.azcp2Net"
          ]
        },
        {
          "index_key": 2,
          "schema_version": 0,
          "attributes": {
            "additional_capabilities": [],
            "admin_password": null,
            "admin_ssh_key": [
              {
                "public_key": "ssh-rsa AAAAB3NzaC1yc2EAAAADAQABAAACAQDTG8uivVzMRNNB3DiFxQ6XecDknqBuRcY8sM5XhAQWMgngD2+MjktAIUww3j0ei9458Ijcut4tpHs/9Ab/V7JaWy2nCJP/Pg848AOBU+mE1KKxguBvP9Afx6blDWrVauQOGucpxU7ryjzGAegJxPbmDBRqUvQLm+awT/Q/qlTSxXrCujSp/6PeqSVg9gXuBpCcRIAcoYM5p7/zzE6y4PskjwcXdRFFrfYnJ+fvhNu3aOjLJXOkd71krP9qGNrFQoflpelQWwpbt8IamNZ3sgG3ObLARCqQ554xbOlL58rgoonemQ2BOoRn0yKZ5YFcL5rBhiGyz1HcBVkSC8FyNr6Ne7tTXSCj5LmE4vCknEQE3n4Z+83YXdjlhMkr9/UIUYwnGSo8R4EBRyUAx1MDor4f/lasRAPvaPnGK+cAxc2UORxgiXY+l5nn6BkuDIlh1L0uVg9olmKxc2FrTsk7ULg8hceN334wt7BEzHmP9eGMYFlCebUleM3WFaqASAvDbJFFbPj8xyuZ4NaSwHy1kxva4xidAGmCMU/3WzK+JlRURpoldC6DLY7WvbGPA3NC7kiX84UhZ/nB/F0Y7VfGOXksDbOh7WTpu4m+1vaiPXiHNmXJp23cZ5cOgTMvvQ7ZIVWW/DXNSGoqrnBFzgfWJ30n3fK5Gs7v6bkzQFShUXwZ2w== e012822@invesyde-mrrn\n",
                "username": "adminUsername"
              }
            ],
            "admin_username": "adminUsername",
            "allow_extension_operations": true,
            "availability_set_id": "",
            "boot_diagnostics": [
              {
                "storage_account_uri": "https://straccountunircp2mrr.blob.core.windows.net/"
              }
            ],
            "computer_name": "azcp2Vm-worker02",
            "custom_data": null,
            "dedicated_host_id": "",
            "disable_password_authentication": true,
            "encryption_at_host_enabled": false,
            "eviction_policy": "",
            "extensions_time_budget": "PT1H30M",
            "id": "/subscriptions/0fd87731-d420-4798-ad4d-b180e5830b22/resourceGroups/kubernetes_rscgcp2/providers/Microsoft.Compute/virtualMachines/azcp2Vm-worker02",
            "identity": [],
            "location": "westeurope",
            "max_bid_price": -1,
            "name": "azcp2Vm-worker02",
            "network_interface_ids": [
              "/subscriptions/0fd87731-d420-4798-ad4d-b180e5830b22/resourceGroups/kubernetes_rscgcp2/providers/Microsoft.Network/networkInterfaces/nic-worker02"
            ],
            "os_disk": [
              {
                "caching": "ReadWrite",
                "diff_disk_settings": [],
                "disk_encryption_set_id": "",
                "disk_size_gb": 30,
                "name": "azcp2Vm-worker02_OsDisk_1_b8a5424cb7d349a59eec9824574a8fa0",
                "storage_account_type": "Standard_LRS",
                "write_accelerator_enabled": false
              }
            ],
            "plan": [
              {
                "name": "centos-8-stream-free",
                "product": "centos-8-stream-free",
                "publisher": "cognosys"
              }
            ],
            "priority": "Regular",
            "private_ip_address": "10.0.1.12",
            "private_ip_addresses": [
              "10.0.1.12"
            ],
            "provision_vm_agent": true,
            "proximity_placement_group_id": "",
            "public_ip_address": "20.224.119.11",
            "public_ip_addresses": [
              "20.224.119.11"
            ],
            "resource_group_name": "kubernetes_rscgcp2",
            "secret": [],
            "size": "Standard_D1_v2",
            "source_image_id": "",
            "source_image_reference": [
              {
                "offer": "centos-8-stream-free",
                "publisher": "cognosys",
                "sku": "centos-8-stream-free",
                "version": "1.2019.0810"
              }
            ],
            "tags": {
              "environment": "cp2"
            },
            "timeouts": null,
            "virtual_machine_id": "d2e75cd9-0ffe-416b-a22c-bb28a10745a0",
            "virtual_machine_scale_set_id": "",
            "zone": ""
          },
          "sensitive_attributes": [],
          "private": "eyJlMmJmYjczMC1lY2FhLTExZTYtOGY4OC0zNDM2M2JjN2M0YzAiOnsiY3JlYXRlIjoyNzAwMDAwMDAwMDAwLCJkZWxldGUiOjI3MDAwMDAwMDAwMDAsInJlYWQiOjMwMDAwMDAwMDAwMCwidXBkYXRlIjoyNzAwMDAwMDAwMDAwfX0=",
          "dependencies": [
            "azurerm_network_interface.azcp2Nic",
            "azurerm_public_ip.azcp2PublicIp",
            "azurerm_resource_group.azcp2rg",
            "azurerm_storage_account.azcp2stacnt",
            "azurerm_subnet.azcp2Subnet",
            "azurerm_virtual_network.azcp2Net"
          ]
        },
        {
          "index_key": 3,
          "schema_version": 0,
          "attributes": {
            "additional_capabilities": [],
            "admin_password": null,
            "admin_ssh_key": [
              {
                "public_key": "ssh-rsa AAAAB3NzaC1yc2EAAAADAQABAAACAQDTG8uivVzMRNNB3DiFxQ6XecDknqBuRcY8sM5XhAQWMgngD2+MjktAIUww3j0ei9458Ijcut4tpHs/9Ab/V7JaWy2nCJP/Pg848AOBU+mE1KKxguBvP9Afx6blDWrVauQOGucpxU7ryjzGAegJxPbmDBRqUvQLm+awT/Q/qlTSxXrCujSp/6PeqSVg9gXuBpCcRIAcoYM5p7/zzE6y4PskjwcXdRFFrfYnJ+fvhNu3aOjLJXOkd71krP9qGNrFQoflpelQWwpbt8IamNZ3sgG3ObLARCqQ554xbOlL58rgoonemQ2BOoRn0yKZ5YFcL5rBhiGyz1HcBVkSC8FyNr6Ne7tTXSCj5LmE4vCknEQE3n4Z+83YXdjlhMkr9/UIUYwnGSo8R4EBRyUAx1MDor4f/lasRAPvaPnGK+cAxc2UORxgiXY+l5nn6BkuDIlh1L0uVg9olmKxc2FrTsk7ULg8hceN334wt7BEzHmP9eGMYFlCebUleM3WFaqASAvDbJFFbPj8xyuZ4NaSwHy1kxva4xidAGmCMU/3WzK+JlRURpoldC6DLY7WvbGPA3NC7kiX84UhZ/nB/F0Y7VfGOXksDbOh7WTpu4m+1vaiPXiHNmXJp23cZ5cOgTMvvQ7ZIVWW/DXNSGoqrnBFzgfWJ30n3fK5Gs7v6bkzQFShUXwZ2w== e012822@invesyde-mrrn\n",
                "username": "adminUsername"
              }
            ],
            "admin_username": "adminUsername",
            "allow_extension_operations": true,
            "availability_set_id": "",
            "boot_diagnostics": [
              {
                "storage_account_uri": "https://straccountunircp2mrr.blob.core.windows.net/"
              }
            ],
            "computer_name": "azcp2Vm-nfs",
            "custom_data": null,
            "dedicated_host_id": "",
            "disable_password_authentication": true,
            "encryption_at_host_enabled": false,
            "eviction_policy": "",
            "extensions_time_budget": "PT1H30M",
            "id": "/subscriptions/0fd87731-d420-4798-ad4d-b180e5830b22/resourceGroups/kubernetes_rscgcp2/providers/Microsoft.Compute/virtualMachines/azcp2Vm-nfs",
            "identity": [],
            "location": "westeurope",
            "max_bid_price": -1,
            "name": "azcp2Vm-nfs",
            "network_interface_ids": [
              "/subscriptions/0fd87731-d420-4798-ad4d-b180e5830b22/resourceGroups/kubernetes_rscgcp2/providers/Microsoft.Network/networkInterfaces/nic-nfs"
            ],
            "os_disk": [
              {
                "caching": "ReadWrite",
                "diff_disk_settings": [],
                "disk_encryption_set_id": "",
                "disk_size_gb": 30,
                "name": "azcp2Vm-nfs_OsDisk_1_caec01dc28a8474ba552a56997a3f007",
                "storage_account_type": "Standard_LRS",
                "write_accelerator_enabled": false
              }
            ],
            "plan": [
              {
                "name": "centos-8-stream-free",
                "product": "centos-8-stream-free",
                "publisher": "cognosys"
              }
            ],
            "priority": "Regular",
            "private_ip_address": "10.0.1.13",
            "private_ip_addresses": [
              "10.0.1.13"
            ],
            "provision_vm_agent": true,
            "proximity_placement_group_id": "",
            "public_ip_address": "20.126.87.182",
            "public_ip_addresses": [
              "20.126.87.182"
            ],
            "resource_group_name": "kubernetes_rscgcp2",
            "secret": [],
            "size": "Standard_D1_v2",
            "source_image_id": "",
            "source_image_reference": [
              {
                "offer": "centos-8-stream-free",
                "publisher": "cognosys",
                "sku": "centos-8-stream-free",
                "version": "1.2019.0810"
              }
            ],
            "tags": {
              "environment": "cp2"
            },
            "timeouts": null,
            "virtual_machine_id": "260f437a-6982-491f-b8a0-60b6f8fef154",
            "virtual_machine_scale_set_id": "",
            "zone": ""
          },
          "sensitive_attributes": [],
          "private": "eyJlMmJmYjczMC1lY2FhLTExZTYtOGY4OC0zNDM2M2JjN2M0YzAiOnsiY3JlYXRlIjoyNzAwMDAwMDAwMDAwLCJkZWxldGUiOjI3MDAwMDAwMDAwMDAsInJlYWQiOjMwMDAwMDAwMDAwMCwidXBkYXRlIjoyNzAwMDAwMDAwMDAwfX0=",
          "dependencies": [
            "azurerm_network_interface.azcp2Nic",
            "azurerm_public_ip.azcp2PublicIp",
            "azurerm_resource_group.azcp2rg",
            "azurerm_storage_account.azcp2stacnt",
            "azurerm_subnet.azcp2Subnet",
            "azurerm_virtual_network.azcp2Net"
          ]
        }
      ]
    },
    {
      "mode": "managed",
      "type": "azurerm_network_interface",
      "name": "azcp2Nic",
      "provider": "provider[\"registry.terraform.io/hashicorp/azurerm\"]",
      "instances": [
        {
          "index_key": 0,
          "schema_version": 0,
          "attributes": {
            "applied_dns_servers": [],
            "dns_servers": [],
            "enable_accelerated_networking": false,
            "enable_ip_forwarding": false,
            "id": "/subscriptions/0fd87731-d420-4798-ad4d-b180e5830b22/resourceGroups/kubernetes_rscgcp2/providers/Microsoft.Network/networkInterfaces/nic-master",
            "internal_dns_name_label": "",
            "internal_domain_name_suffix": "4axwifhyey0udajayvkjybe1af.ax.internal.cloudapp.net",
            "ip_configuration": [
              {
                "name": "ipcfg-master",
                "primary": true,
                "private_ip_address": "10.0.1.10",
                "private_ip_address_allocation": "Static",
                "private_ip_address_version": "IPv4",
                "public_ip_address_id": "/subscriptions/0fd87731-d420-4798-ad4d-b180e5830b22/resourceGroups/kubernetes_rscgcp2/providers/Microsoft.Network/publicIPAddresses/ipp-master",
                "subnet_id": "/subscriptions/0fd87731-d420-4798-ad4d-b180e5830b22/resourceGroups/kubernetes_rscgcp2/providers/Microsoft.Network/virtualNetworks/kubernetesnet/subnets/terraformsubnet"
              }
            ],
            "location": "westeurope",
            "mac_address": "00-0D-3A-AB-C8-F4",
            "name": "nic-master",
            "private_ip_address": "10.0.1.10",
            "private_ip_addresses": [
              "10.0.1.10"
            ],
            "resource_group_name": "kubernetes_rscgcp2",
            "tags": {
              "environment": "cp2"
            },
            "timeouts": null,
            "virtual_machine_id": "/subscriptions/0fd87731-d420-4798-ad4d-b180e5830b22/resourceGroups/kubernetes_rscgcp2/providers/Microsoft.Compute/virtualMachines/azcp2Vm-master"
          },
          "sensitive_attributes": [],
          "private": "eyJlMmJmYjczMC1lY2FhLTExZTYtOGY4OC0zNDM2M2JjN2M0YzAiOnsiY3JlYXRlIjoxODAwMDAwMDAwMDAwLCJkZWxldGUiOjE4MDAwMDAwMDAwMDAsInJlYWQiOjMwMDAwMDAwMDAwMCwidXBkYXRlIjoxODAwMDAwMDAwMDAwfX0=",
          "dependencies": [
            "azurerm_public_ip.azcp2PublicIp",
            "azurerm_resource_group.azcp2rg",
            "azurerm_subnet.azcp2Subnet",
            "azurerm_virtual_network.azcp2Net"
          ]
        },
        {
          "index_key": 1,
          "schema_version": 0,
          "attributes": {
            "applied_dns_servers": [],
            "dns_servers": [],
            "enable_accelerated_networking": false,
            "enable_ip_forwarding": false,
            "id": "/subscriptions/0fd87731-d420-4798-ad4d-b180e5830b22/resourceGroups/kubernetes_rscgcp2/providers/Microsoft.Network/networkInterfaces/nic-worker01",
            "internal_dns_name_label": "",
            "internal_domain_name_suffix": "4axwifhyey0udajayvkjybe1af.ax.internal.cloudapp.net",
            "ip_configuration": [
              {
                "name": "ipcfg-worker01",
                "primary": true,
                "private_ip_address": "10.0.1.11",
                "private_ip_address_allocation": "Static",
                "private_ip_address_version": "IPv4",
                "public_ip_address_id": "/subscriptions/0fd87731-d420-4798-ad4d-b180e5830b22/resourceGroups/kubernetes_rscgcp2/providers/Microsoft.Network/publicIPAddresses/ipp-worker01",
                "subnet_id": "/subscriptions/0fd87731-d420-4798-ad4d-b180e5830b22/resourceGroups/kubernetes_rscgcp2/providers/Microsoft.Network/virtualNetworks/kubernetesnet/subnets/terraformsubnet"
              }
            ],
            "location": "westeurope",
            "mac_address": "00-0D-3A-AA-00-89",
            "name": "nic-worker01",
            "private_ip_address": "10.0.1.11",
            "private_ip_addresses": [
              "10.0.1.11"
            ],
            "resource_group_name": "kubernetes_rscgcp2",
            "tags": {
              "environment": "cp2"
            },
            "timeouts": null,
            "virtual_machine_id": "/subscriptions/0fd87731-d420-4798-ad4d-b180e5830b22/resourceGroups/kubernetes_rscgcp2/providers/Microsoft.Compute/virtualMachines/azcp2Vm-worker01"
          },
          "sensitive_attributes": [],
          "private": "eyJlMmJmYjczMC1lY2FhLTExZTYtOGY4OC0zNDM2M2JjN2M0YzAiOnsiY3JlYXRlIjoxODAwMDAwMDAwMDAwLCJkZWxldGUiOjE4MDAwMDAwMDAwMDAsInJlYWQiOjMwMDAwMDAwMDAwMCwidXBkYXRlIjoxODAwMDAwMDAwMDAwfX0=",
          "dependencies": [
            "azurerm_public_ip.azcp2PublicIp",
            "azurerm_resource_group.azcp2rg",
            "azurerm_subnet.azcp2Subnet",
            "azurerm_virtual_network.azcp2Net"
          ]
        },
        {
          "index_key": 2,
          "schema_version": 0,
          "attributes": {
            "applied_dns_servers": [],
            "dns_servers": [],
            "enable_accelerated_networking": false,
            "enable_ip_forwarding": false,
            "id": "/subscriptions/0fd87731-d420-4798-ad4d-b180e5830b22/resourceGroups/kubernetes_rscgcp2/providers/Microsoft.Network/networkInterfaces/nic-worker02",
            "internal_dns_name_label": "",
            "internal_domain_name_suffix": "4axwifhyey0udajayvkjybe1af.ax.internal.cloudapp.net",
            "ip_configuration": [
              {
                "name": "ipcfg-worker02",
                "primary": true,
                "private_ip_address": "10.0.1.12",
                "private_ip_address_allocation": "Static",
                "private_ip_address_version": "IPv4",
                "public_ip_address_id": "/subscriptions/0fd87731-d420-4798-ad4d-b180e5830b22/resourceGroups/kubernetes_rscgcp2/providers/Microsoft.Network/publicIPAddresses/ipp-worker02",
                "subnet_id": "/subscriptions/0fd87731-d420-4798-ad4d-b180e5830b22/resourceGroups/kubernetes_rscgcp2/providers/Microsoft.Network/virtualNetworks/kubernetesnet/subnets/terraformsubnet"
              }
            ],
            "location": "westeurope",
            "mac_address": "00-0D-3A-AA-02-BD",
            "name": "nic-worker02",
            "private_ip_address": "10.0.1.12",
            "private_ip_addresses": [
              "10.0.1.12"
            ],
            "resource_group_name": "kubernetes_rscgcp2",
            "tags": {
              "environment": "cp2"
            },
            "timeouts": null,
            "virtual_machine_id": "/subscriptions/0fd87731-d420-4798-ad4d-b180e5830b22/resourceGroups/kubernetes_rscgcp2/providers/Microsoft.Compute/virtualMachines/azcp2Vm-worker02"
          },
          "sensitive_attributes": [],
          "private": "eyJlMmJmYjczMC1lY2FhLTExZTYtOGY4OC0zNDM2M2JjN2M0YzAiOnsiY3JlYXRlIjoxODAwMDAwMDAwMDAwLCJkZWxldGUiOjE4MDAwMDAwMDAwMDAsInJlYWQiOjMwMDAwMDAwMDAwMCwidXBkYXRlIjoxODAwMDAwMDAwMDAwfX0=",
          "dependencies": [
            "azurerm_public_ip.azcp2PublicIp",
            "azurerm_resource_group.azcp2rg",
            "azurerm_subnet.azcp2Subnet",
            "azurerm_virtual_network.azcp2Net"
          ]
        },
        {
          "index_key": 3,
          "schema_version": 0,
          "attributes": {
            "applied_dns_servers": [],
            "dns_servers": [],
            "enable_accelerated_networking": false,
            "enable_ip_forwarding": false,
            "id": "/subscriptions/0fd87731-d420-4798-ad4d-b180e5830b22/resourceGroups/kubernetes_rscgcp2/providers/Microsoft.Network/networkInterfaces/nic-nfs",
            "internal_dns_name_label": "",
            "internal_domain_name_suffix": "4axwifhyey0udajayvkjybe1af.ax.internal.cloudapp.net",
            "ip_configuration": [
              {
                "name": "ipcfg-nfs",
                "primary": true,
                "private_ip_address": "10.0.1.13",
                "private_ip_address_allocation": "Static",
                "private_ip_address_version": "IPv4",
                "public_ip_address_id": "/subscriptions/0fd87731-d420-4798-ad4d-b180e5830b22/resourceGroups/kubernetes_rscgcp2/providers/Microsoft.Network/publicIPAddresses/ipp-nfs",
                "subnet_id": "/subscriptions/0fd87731-d420-4798-ad4d-b180e5830b22/resourceGroups/kubernetes_rscgcp2/providers/Microsoft.Network/virtualNetworks/kubernetesnet/subnets/terraformsubnet"
              }
            ],
            "location": "westeurope",
            "mac_address": "00-0D-3A-AB-C4-D2",
            "name": "nic-nfs",
            "private_ip_address": "10.0.1.13",
            "private_ip_addresses": [
              "10.0.1.13"
            ],
            "resource_group_name": "kubernetes_rscgcp2",
            "tags": {
              "environment": "cp2"
            },
            "timeouts": null,
            "virtual_machine_id": "/subscriptions/0fd87731-d420-4798-ad4d-b180e5830b22/resourceGroups/kubernetes_rscgcp2/providers/Microsoft.Compute/virtualMachines/azcp2Vm-nfs"
          },
          "sensitive_attributes": [],
          "private": "eyJlMmJmYjczMC1lY2FhLTExZTYtOGY4OC0zNDM2M2JjN2M0YzAiOnsiY3JlYXRlIjoxODAwMDAwMDAwMDAwLCJkZWxldGUiOjE4MDAwMDAwMDAwMDAsInJlYWQiOjMwMDAwMDAwMDAwMCwidXBkYXRlIjoxODAwMDAwMDAwMDAwfX0=",
          "dependencies": [
            "azurerm_public_ip.azcp2PublicIp",
            "azurerm_resource_group.azcp2rg",
            "azurerm_subnet.azcp2Subnet",
            "azurerm_virtual_network.azcp2Net"
          ]
        }
      ]
    },
    {
      "mode": "managed",
      "type": "azurerm_network_interface_security_group_association",
      "name": "azcp2SecGroupAssociation1",
      "provider": "provider[\"registry.terraform.io/hashicorp/azurerm\"]",
      "instances": [
        {
          "index_key": 0,
          "schema_version": 0,
          "attributes": {
            "id": "/subscriptions/0fd87731-d420-4798-ad4d-b180e5830b22/resourceGroups/kubernetes_rscgcp2/providers/Microsoft.Network/networkInterfaces/nic-master|/subscriptions/0fd87731-d420-4798-ad4d-b180e5830b22/resourceGroups/kubernetes_rscgcp2/providers/Microsoft.Network/networkSecurityGroups/secgrp-master",
            "network_interface_id": "/subscriptions/0fd87731-d420-4798-ad4d-b180e5830b22/resourceGroups/kubernetes_rscgcp2/providers/Microsoft.Network/networkInterfaces/nic-master",
            "network_security_group_id": "/subscriptions/0fd87731-d420-4798-ad4d-b180e5830b22/resourceGroups/kubernetes_rscgcp2/providers/Microsoft.Network/networkSecurityGroups/secgrp-master",
            "timeouts": null
          },
          "sensitive_attributes": [],
          "private": "eyJlMmJmYjczMC1lY2FhLTExZTYtOGY4OC0zNDM2M2JjN2M0YzAiOnsiY3JlYXRlIjoxODAwMDAwMDAwMDAwLCJkZWxldGUiOjE4MDAwMDAwMDAwMDAsInJlYWQiOjMwMDAwMDAwMDAwMCwidXBkYXRlIjoxODAwMDAwMDAwMDAwfX0=",
          "dependencies": [
            "azurerm_network_interface.azcp2Nic",
            "azurerm_network_security_group.azcp2SecGroup",
            "azurerm_public_ip.azcp2PublicIp",
            "azurerm_resource_group.azcp2rg",
            "azurerm_subnet.azcp2Subnet",
            "azurerm_virtual_network.azcp2Net"
          ]
        },
        {
          "index_key": 1,
          "schema_version": 0,
          "attributes": {
            "id": "/subscriptions/0fd87731-d420-4798-ad4d-b180e5830b22/resourceGroups/kubernetes_rscgcp2/providers/Microsoft.Network/networkInterfaces/nic-worker01|/subscriptions/0fd87731-d420-4798-ad4d-b180e5830b22/resourceGroups/kubernetes_rscgcp2/providers/Microsoft.Network/networkSecurityGroups/secgrp-worker01",
            "network_interface_id": "/subscriptions/0fd87731-d420-4798-ad4d-b180e5830b22/resourceGroups/kubernetes_rscgcp2/providers/Microsoft.Network/networkInterfaces/nic-worker01",
            "network_security_group_id": "/subscriptions/0fd87731-d420-4798-ad4d-b180e5830b22/resourceGroups/kubernetes_rscgcp2/providers/Microsoft.Network/networkSecurityGroups/secgrp-worker01",
            "timeouts": null
          },
          "sensitive_attributes": [],
          "private": "eyJlMmJmYjczMC1lY2FhLTExZTYtOGY4OC0zNDM2M2JjN2M0YzAiOnsiY3JlYXRlIjoxODAwMDAwMDAwMDAwLCJkZWxldGUiOjE4MDAwMDAwMDAwMDAsInJlYWQiOjMwMDAwMDAwMDAwMCwidXBkYXRlIjoxODAwMDAwMDAwMDAwfX0=",
          "dependencies": [
            "azurerm_network_interface.azcp2Nic",
            "azurerm_network_security_group.azcp2SecGroup",
            "azurerm_public_ip.azcp2PublicIp",
            "azurerm_resource_group.azcp2rg",
            "azurerm_subnet.azcp2Subnet",
            "azurerm_virtual_network.azcp2Net"
          ]
        },
        {
          "index_key": 2,
          "schema_version": 0,
          "attributes": {
            "id": "/subscriptions/0fd87731-d420-4798-ad4d-b180e5830b22/resourceGroups/kubernetes_rscgcp2/providers/Microsoft.Network/networkInterfaces/nic-worker02|/subscriptions/0fd87731-d420-4798-ad4d-b180e5830b22/resourceGroups/kubernetes_rscgcp2/providers/Microsoft.Network/networkSecurityGroups/secgrp-worker02",
            "network_interface_id": "/subscriptions/0fd87731-d420-4798-ad4d-b180e5830b22/resourceGroups/kubernetes_rscgcp2/providers/Microsoft.Network/networkInterfaces/nic-worker02",
            "network_security_group_id": "/subscriptions/0fd87731-d420-4798-ad4d-b180e5830b22/resourceGroups/kubernetes_rscgcp2/providers/Microsoft.Network/networkSecurityGroups/secgrp-worker02",
            "timeouts": null
          },
          "sensitive_attributes": [],
          "private": "eyJlMmJmYjczMC1lY2FhLTExZTYtOGY4OC0zNDM2M2JjN2M0YzAiOnsiY3JlYXRlIjoxODAwMDAwMDAwMDAwLCJkZWxldGUiOjE4MDAwMDAwMDAwMDAsInJlYWQiOjMwMDAwMDAwMDAwMCwidXBkYXRlIjoxODAwMDAwMDAwMDAwfX0=",
          "dependencies": [
            "azurerm_network_interface.azcp2Nic",
            "azurerm_network_security_group.azcp2SecGroup",
            "azurerm_public_ip.azcp2PublicIp",
            "azurerm_resource_group.azcp2rg",
            "azurerm_subnet.azcp2Subnet",
            "azurerm_virtual_network.azcp2Net"
          ]
        },
        {
          "index_key": 3,
          "schema_version": 0,
          "attributes": {
            "id": "/subscriptions/0fd87731-d420-4798-ad4d-b180e5830b22/resourceGroups/kubernetes_rscgcp2/providers/Microsoft.Network/networkInterfaces/nic-nfs|/subscriptions/0fd87731-d420-4798-ad4d-b180e5830b22/resourceGroups/kubernetes_rscgcp2/providers/Microsoft.Network/networkSecurityGroups/secgrp-nfs",
            "network_interface_id": "/subscriptions/0fd87731-d420-4798-ad4d-b180e5830b22/resourceGroups/kubernetes_rscgcp2/providers/Microsoft.Network/networkInterfaces/nic-nfs",
            "network_security_group_id": "/subscriptions/0fd87731-d420-4798-ad4d-b180e5830b22/resourceGroups/kubernetes_rscgcp2/providers/Microsoft.Network/networkSecurityGroups/secgrp-nfs",
            "timeouts": null
          },
          "sensitive_attributes": [],
          "private": "eyJlMmJmYjczMC1lY2FhLTExZTYtOGY4OC0zNDM2M2JjN2M0YzAiOnsiY3JlYXRlIjoxODAwMDAwMDAwMDAwLCJkZWxldGUiOjE4MDAwMDAwMDAwMDAsInJlYWQiOjMwMDAwMDAwMDAwMCwidXBkYXRlIjoxODAwMDAwMDAwMDAwfX0=",
          "dependencies": [
            "azurerm_network_interface.azcp2Nic",
            "azurerm_network_security_group.azcp2SecGroup",
            "azurerm_public_ip.azcp2PublicIp",
            "azurerm_resource_group.azcp2rg",
            "azurerm_subnet.azcp2Subnet",
            "azurerm_virtual_network.azcp2Net"
          ]
        }
      ]
    },
    {
      "mode": "managed",
      "type": "azurerm_network_security_group",
      "name": "azcp2SecGroup",
      "provider": "provider[\"registry.terraform.io/hashicorp/azurerm\"]",
      "instances": [
        {
          "index_key": 0,
          "schema_version": 0,
          "attributes": {
            "id": "/subscriptions/0fd87731-d420-4798-ad4d-b180e5830b22/resourceGroups/kubernetes_rscgcp2/providers/Microsoft.Network/networkSecurityGroups/secgrp-master",
            "location": "westeurope",
            "name": "secgrp-master",
            "resource_group_name": "kubernetes_rscgcp2",
            "security_rule": [
              {
                "access": "Allow",
                "description": "",
                "destination_address_prefix": "*",
                "destination_address_prefixes": [],
                "destination_application_security_group_ids": [],
                "destination_port_range": "30000",
                "destination_port_ranges": [],
                "direction": "Inbound",
                "name": "jenkins",
                "priority": 1002,
                "protocol": "Tcp",
                "source_address_prefix": "*",
                "source_address_prefixes": [],
                "source_application_security_group_ids": [],
                "source_port_range": "*",
                "source_port_ranges": []
              },
              {
                "access": "Allow",
                "description": null,
                "destination_address_prefix": "*",
                "destination_address_prefixes": [],
                "destination_application_security_group_ids": [],
                "destination_port_range": "22",
                "destination_port_ranges": [],
                "direction": "Inbound",
                "name": "SSH",
                "priority": 1001,
                "protocol": "Tcp",
                "source_address_prefix": "*",
                "source_address_prefixes": [],
                "source_application_security_group_ids": [],
                "source_port_range": "*",
                "source_port_ranges": []
              }
            ],
            "tags": {
              "environment": "cp2"
            },
            "timeouts": null
          },
          "sensitive_attributes": [],
          "private": "eyJlMmJmYjczMC1lY2FhLTExZTYtOGY4OC0zNDM2M2JjN2M0YzAiOnsiY3JlYXRlIjoxODAwMDAwMDAwMDAwLCJkZWxldGUiOjE4MDAwMDAwMDAwMDAsInJlYWQiOjMwMDAwMDAwMDAwMCwidXBkYXRlIjoxODAwMDAwMDAwMDAwfX0=",
          "dependencies": [
            "azurerm_resource_group.azcp2rg"
          ]
        },
        {
          "index_key": 1,
          "schema_version": 0,
          "attributes": {
            "id": "/subscriptions/0fd87731-d420-4798-ad4d-b180e5830b22/resourceGroups/kubernetes_rscgcp2/providers/Microsoft.Network/networkSecurityGroups/secgrp-worker01",
            "location": "westeurope",
            "name": "secgrp-worker01",
            "resource_group_name": "kubernetes_rscgcp2",
            "security_rule": [
              {
                "access": "Allow",
                "description": "",
                "destination_address_prefix": "*",
                "destination_address_prefixes": [],
                "destination_application_security_group_ids": [],
                "destination_port_range": "30000",
                "destination_port_ranges": [],
                "direction": "Inbound",
                "name": "jenkins",
                "priority": 1002,
                "protocol": "Tcp",
                "source_address_prefix": "*",
                "source_address_prefixes": [],
                "source_application_security_group_ids": [],
                "source_port_range": "*",
                "source_port_ranges": []
              },
              {
                "access": "Allow",
                "description": null,
                "destination_address_prefix": "*",
                "destination_address_prefixes": [],
                "destination_application_security_group_ids": [],
                "destination_port_range": "22",
                "destination_port_ranges": [],
                "direction": "Inbound",
                "name": "SSH",
                "priority": 1001,
                "protocol": "Tcp",
                "source_address_prefix": "*",
                "source_address_prefixes": [],
                "source_application_security_group_ids": [],
                "source_port_range": "*",
                "source_port_ranges": []
              }
            ],
            "tags": {
              "environment": "cp2"
            },
            "timeouts": null
          },
          "sensitive_attributes": [],
          "private": "eyJlMmJmYjczMC1lY2FhLTExZTYtOGY4OC0zNDM2M2JjN2M0YzAiOnsiY3JlYXRlIjoxODAwMDAwMDAwMDAwLCJkZWxldGUiOjE4MDAwMDAwMDAwMDAsInJlYWQiOjMwMDAwMDAwMDAwMCwidXBkYXRlIjoxODAwMDAwMDAwMDAwfX0=",
          "dependencies": [
            "azurerm_resource_group.azcp2rg"
          ]
        },
        {
          "index_key": 2,
          "schema_version": 0,
          "attributes": {
            "id": "/subscriptions/0fd87731-d420-4798-ad4d-b180e5830b22/resourceGroups/kubernetes_rscgcp2/providers/Microsoft.Network/networkSecurityGroups/secgrp-worker02",
            "location": "westeurope",
            "name": "secgrp-worker02",
            "resource_group_name": "kubernetes_rscgcp2",
            "security_rule": [
              {
                "access": "Allow",
                "description": "",
                "destination_address_prefix": "*",
                "destination_address_prefixes": [],
                "destination_application_security_group_ids": [],
                "destination_port_range": "30000",
                "destination_port_ranges": [],
                "direction": "Inbound",
                "name": "jenkins",
                "priority": 1002,
                "protocol": "Tcp",
                "source_address_prefix": "*",
                "source_address_prefixes": [],
                "source_application_security_group_ids": [],
                "source_port_range": "*",
                "source_port_ranges": []
              },
              {
                "access": "Allow",
                "description": null,
                "destination_address_prefix": "*",
                "destination_address_prefixes": [],
                "destination_application_security_group_ids": [],
                "destination_port_range": "22",
                "destination_port_ranges": [],
                "direction": "Inbound",
                "name": "SSH",
                "priority": 1001,
                "protocol": "Tcp",
                "source_address_prefix": "*",
                "source_address_prefixes": [],
                "source_application_security_group_ids": [],
                "source_port_range": "*",
                "source_port_ranges": []
              }
            ],
            "tags": {
              "environment": "cp2"
            },
            "timeouts": null
          },
          "sensitive_attributes": [],
          "private": "eyJlMmJmYjczMC1lY2FhLTExZTYtOGY4OC0zNDM2M2JjN2M0YzAiOnsiY3JlYXRlIjoxODAwMDAwMDAwMDAwLCJkZWxldGUiOjE4MDAwMDAwMDAwMDAsInJlYWQiOjMwMDAwMDAwMDAwMCwidXBkYXRlIjoxODAwMDAwMDAwMDAwfX0=",
          "dependencies": [
            "azurerm_resource_group.azcp2rg"
          ]
        },
        {
          "index_key": 3,
          "schema_version": 0,
          "attributes": {
            "id": "/subscriptions/0fd87731-d420-4798-ad4d-b180e5830b22/resourceGroups/kubernetes_rscgcp2/providers/Microsoft.Network/networkSecurityGroups/secgrp-nfs",
            "location": "westeurope",
            "name": "secgrp-nfs",
            "resource_group_name": "kubernetes_rscgcp2",
            "security_rule": [
              {
                "access": "Allow",
                "description": "",
                "destination_address_prefix": "*",
                "destination_address_prefixes": [],
                "destination_application_security_group_ids": [],
                "destination_port_range": "30000",
                "destination_port_ranges": [],
                "direction": "Inbound",
                "name": "jenkins",
                "priority": 1002,
                "protocol": "Tcp",
                "source_address_prefix": "*",
                "source_address_prefixes": [],
                "source_application_security_group_ids": [],
                "source_port_range": "*",
                "source_port_ranges": []
              },
              {
                "access": "Allow",
                "description": null,
                "destination_address_prefix": "*",
                "destination_address_prefixes": [],
                "destination_application_security_group_ids": [],
                "destination_port_range": "22",
                "destination_port_ranges": [],
                "direction": "Inbound",
                "name": "SSH",
                "priority": 1001,
                "protocol": "Tcp",
                "source_address_prefix": "*",
                "source_address_prefixes": [],
                "source_application_security_group_ids": [],
                "source_port_range": "*",
                "source_port_ranges": []
              }
            ],
            "tags": {
              "environment": "cp2"
            },
            "timeouts": null
          },
          "sensitive_attributes": [],
          "private": "eyJlMmJmYjczMC1lY2FhLTExZTYtOGY4OC0zNDM2M2JjN2M0YzAiOnsiY3JlYXRlIjoxODAwMDAwMDAwMDAwLCJkZWxldGUiOjE4MDAwMDAwMDAwMDAsInJlYWQiOjMwMDAwMDAwMDAwMCwidXBkYXRlIjoxODAwMDAwMDAwMDAwfX0=",
          "dependencies": [
            "azurerm_resource_group.azcp2rg"
          ]
        }
      ]
    },
    {
      "mode": "managed",
      "type": "azurerm_public_ip",
      "name": "azcp2PublicIp",
      "provider": "provider[\"registry.terraform.io/hashicorp/azurerm\"]",
      "instances": [
        {
          "index_key": 0,
          "schema_version": 0,
          "attributes": {
            "allocation_method": "Dynamic",
            "domain_name_label": null,
            "fqdn": null,
            "id": "/subscriptions/0fd87731-d420-4798-ad4d-b180e5830b22/resourceGroups/kubernetes_rscgcp2/providers/Microsoft.Network/publicIPAddresses/ipp-master",
            "idle_timeout_in_minutes": 4,
            "ip_address": "20.224.78.253",
            "ip_version": "IPv4",
            "location": "westeurope",
            "name": "ipp-master",
            "public_ip_prefix_id": null,
            "resource_group_name": "kubernetes_rscgcp2",
            "reverse_fqdn": null,
            "sku": "Basic",
            "tags": {
              "environment": "cp2"
            },
            "timeouts": null,
            "zones": []
          },
          "sensitive_attributes": [],
          "private": "eyJlMmJmYjczMC1lY2FhLTExZTYtOGY4OC0zNDM2M2JjN2M0YzAiOnsiY3JlYXRlIjoxODAwMDAwMDAwMDAwLCJkZWxldGUiOjE4MDAwMDAwMDAwMDAsInJlYWQiOjMwMDAwMDAwMDAwMCwidXBkYXRlIjoxODAwMDAwMDAwMDAwfX0=",
          "dependencies": [
            "azurerm_resource_group.azcp2rg"
          ]
        },
        {
          "index_key": 1,
          "schema_version": 0,
          "attributes": {
            "allocation_method": "Dynamic",
            "domain_name_label": null,
            "fqdn": null,
            "id": "/subscriptions/0fd87731-d420-4798-ad4d-b180e5830b22/resourceGroups/kubernetes_rscgcp2/providers/Microsoft.Network/publicIPAddresses/ipp-worker01",
            "idle_timeout_in_minutes": 4,
            "ip_address": "20.229.107.150",
            "ip_version": "IPv4",
            "location": "westeurope",
            "name": "ipp-worker01",
            "public_ip_prefix_id": null,
            "resource_group_name": "kubernetes_rscgcp2",
            "reverse_fqdn": null,
            "sku": "Basic",
            "tags": {
              "environment": "cp2"
            },
            "timeouts": null,
            "zones": []
          },
          "sensitive_attributes": [],
          "private": "eyJlMmJmYjczMC1lY2FhLTExZTYtOGY4OC0zNDM2M2JjN2M0YzAiOnsiY3JlYXRlIjoxODAwMDAwMDAwMDAwLCJkZWxldGUiOjE4MDAwMDAwMDAwMDAsInJlYWQiOjMwMDAwMDAwMDAwMCwidXBkYXRlIjoxODAwMDAwMDAwMDAwfX0=",
          "dependencies": [
            "azurerm_resource_group.azcp2rg"
          ]
        },
        {
          "index_key": 2,
          "schema_version": 0,
          "attributes": {
            "allocation_method": "Dynamic",
            "domain_name_label": null,
            "fqdn": null,
            "id": "/subscriptions/0fd87731-d420-4798-ad4d-b180e5830b22/resourceGroups/kubernetes_rscgcp2/providers/Microsoft.Network/publicIPAddresses/ipp-worker02",
            "idle_timeout_in_minutes": 4,
            "ip_address": "20.224.119.11",
            "ip_version": "IPv4",
            "location": "westeurope",
            "name": "ipp-worker02",
            "public_ip_prefix_id": null,
            "resource_group_name": "kubernetes_rscgcp2",
            "reverse_fqdn": null,
            "sku": "Basic",
            "tags": {
              "environment": "cp2"
            },
            "timeouts": null,
            "zones": []
          },
          "sensitive_attributes": [],
          "private": "eyJlMmJmYjczMC1lY2FhLTExZTYtOGY4OC0zNDM2M2JjN2M0YzAiOnsiY3JlYXRlIjoxODAwMDAwMDAwMDAwLCJkZWxldGUiOjE4MDAwMDAwMDAwMDAsInJlYWQiOjMwMDAwMDAwMDAwMCwidXBkYXRlIjoxODAwMDAwMDAwMDAwfX0=",
          "dependencies": [
            "azurerm_resource_group.azcp2rg"
          ]
        },
        {
          "index_key": 3,
          "schema_version": 0,
          "attributes": {
            "allocation_method": "Dynamic",
            "domain_name_label": null,
            "fqdn": null,
            "id": "/subscriptions/0fd87731-d420-4798-ad4d-b180e5830b22/resourceGroups/kubernetes_rscgcp2/providers/Microsoft.Network/publicIPAddresses/ipp-nfs",
            "idle_timeout_in_minutes": 4,
            "ip_address": "20.126.87.182",
            "ip_version": "IPv4",
            "location": "westeurope",
            "name": "ipp-nfs",
            "public_ip_prefix_id": null,
            "resource_group_name": "kubernetes_rscgcp2",
            "reverse_fqdn": null,
            "sku": "Basic",
            "tags": {
              "environment": "cp2"
            },
            "timeouts": null,
            "zones": []
          },
          "sensitive_attributes": [],
          "private": "eyJlMmJmYjczMC1lY2FhLTExZTYtOGY4OC0zNDM2M2JjN2M0YzAiOnsiY3JlYXRlIjoxODAwMDAwMDAwMDAwLCJkZWxldGUiOjE4MDAwMDAwMDAwMDAsInJlYWQiOjMwMDAwMDAwMDAwMCwidXBkYXRlIjoxODAwMDAwMDAwMDAwfX0=",
          "dependencies": [
            "azurerm_resource_group.azcp2rg"
          ]
        }
      ]
    },
    {
      "mode": "managed",
      "type": "azurerm_resource_group",
      "name": "azcp2rg",
      "provider": "provider[\"registry.terraform.io/hashicorp/azurerm\"]",
      "instances": [
        {
          "schema_version": 0,
          "attributes": {
            "id": "/subscriptions/0fd87731-d420-4798-ad4d-b180e5830b22/resourceGroups/kubernetes_rscgcp2",
            "location": "westeurope",
            "name": "kubernetes_rscgcp2",
            "tags": {
              "environment": "cp2"
            },
            "timeouts": null
          },
          "sensitive_attributes": [],
          "private": "eyJlMmJmYjczMC1lY2FhLTExZTYtOGY4OC0zNDM2M2JjN2M0YzAiOnsiY3JlYXRlIjo1NDAwMDAwMDAwMDAwLCJkZWxldGUiOjU0MDAwMDAwMDAwMDAsInJlYWQiOjMwMDAwMDAwMDAwMCwidXBkYXRlIjo1NDAwMDAwMDAwMDAwfX0="
        }
      ]
    },
    {
      "mode": "managed",
      "type": "azurerm_storage_account",
      "name": "azcp2stacnt",
      "provider": "provider[\"registry.terraform.io/hashicorp/azurerm\"]",
      "instances": [
        {
          "schema_version": 2,
          "attributes": {
            "access_tier": "Hot",
            "account_kind": "StorageV2",
            "account_replication_type": "LRS",
            "account_tier": "Standard",
            "allow_blob_public_access": false,
            "blob_properties": [],
            "custom_domain": [],
            "enable_https_traffic_only": true,
            "id": "/subscriptions/0fd87731-d420-4798-ad4d-b180e5830b22/resourceGroups/kubernetes_rscgcp2/providers/Microsoft.Storage/storageAccounts/straccountunircp2mrr",
            "identity": [],
            "is_hns_enabled": false,
            "large_file_share_enabled": null,
            "location": "westeurope",
            "min_tls_version": "TLS1_0",
            "name": "straccountunircp2mrr",
            "network_rules": [
              {
                "bypass": [
                  "AzureServices"
                ],
                "default_action": "Allow",
                "ip_rules": [],
                "virtual_network_subnet_ids": []
              }
            ],
            "primary_access_key": "FJvv4jAfyJ2z52TazqninsHWtHRPmFDCz0laO14Uibr+ARl4e4aCj2HNjskb3nFUn2lHQuHH8G5aV4vChGEiLQ==",
            "primary_blob_connection_string": "DefaultEndpointsProtocol=https;BlobEndpoint=https://straccountunircp2mrr.blob.core.windows.net/;AccountName=straccountunircp2mrr;AccountKey=FJvv4jAfyJ2z52TazqninsHWtHRPmFDCz0laO14Uibr+ARl4e4aCj2HNjskb3nFUn2lHQuHH8G5aV4vChGEiLQ==",
            "primary_blob_endpoint": "https://straccountunircp2mrr.blob.core.windows.net/",
            "primary_blob_host": "straccountunircp2mrr.blob.core.windows.net",
            "primary_connection_string": "DefaultEndpointsProtocol=https;AccountName=straccountunircp2mrr;AccountKey=FJvv4jAfyJ2z52TazqninsHWtHRPmFDCz0laO14Uibr+ARl4e4aCj2HNjskb3nFUn2lHQuHH8G5aV4vChGEiLQ==;EndpointSuffix=core.windows.net",
            "primary_dfs_endpoint": "https://straccountunircp2mrr.dfs.core.windows.net/",
            "primary_dfs_host": "straccountunircp2mrr.dfs.core.windows.net",
            "primary_file_endpoint": "https://straccountunircp2mrr.file.core.windows.net/",
            "primary_file_host": "straccountunircp2mrr.file.core.windows.net",
            "primary_location": "westeurope",
            "primary_queue_endpoint": "https://straccountunircp2mrr.queue.core.windows.net/",
            "primary_queue_host": "straccountunircp2mrr.queue.core.windows.net",
            "primary_table_endpoint": "https://straccountunircp2mrr.table.core.windows.net/",
            "primary_table_host": "straccountunircp2mrr.table.core.windows.net",
            "primary_web_endpoint": "https://straccountunircp2mrr.z6.web.core.windows.net/",
            "primary_web_host": "straccountunircp2mrr.z6.web.core.windows.net",
            "queue_properties": [
              {
                "cors_rule": [],
                "hour_metrics": [
                  {
                    "enabled": true,
                    "include_apis": true,
                    "retention_policy_days": 7,
                    "version": "1.0"
                  }
                ],
                "logging": [
                  {
                    "delete": false,
                    "read": false,
                    "retention_policy_days": 0,
                    "version": "1.0",
                    "write": false
                  }
                ],
                "minute_metrics": [
                  {
                    "enabled": false,
                    "include_apis": false,
                    "retention_policy_days": 0,
                    "version": "1.0"
                  }
                ]
              }
            ],
            "resource_group_name": "kubernetes_rscgcp2",
            "secondary_access_key": "7eLh7hHbynEUojwbZC1qPGGfiU1C+iG45xe0bXrXxVPWIEWg7lIOQkJX2eMSwq8sP140zFVTfWYlrKMJiheeGw==",
            "secondary_blob_connection_string": "",
            "secondary_blob_endpoint": null,
            "secondary_blob_host": null,
            "secondary_connection_string": "DefaultEndpointsProtocol=https;AccountName=straccountunircp2mrr;AccountKey=7eLh7hHbynEUojwbZC1qPGGfiU1C+iG45xe0bXrXxVPWIEWg7lIOQkJX2eMSwq8sP140zFVTfWYlrKMJiheeGw==;EndpointSuffix=core.windows.net",
            "secondary_dfs_endpoint": null,
            "secondary_dfs_host": null,
            "secondary_file_endpoint": null,
            "secondary_file_host": null,
            "secondary_location": "",
            "secondary_queue_endpoint": null,
            "secondary_queue_host": null,
            "secondary_table_endpoint": null,
            "secondary_table_host": null,
            "secondary_web_endpoint": null,
            "secondary_web_host": null,
            "static_website": [],
            "tags": {
              "environment": "cp2"
            },
            "timeouts": null
          },
          "sensitive_attributes": [],
          "private": "eyJlMmJmYjczMC1lY2FhLTExZTYtOGY4OC0zNDM2M2JjN2M0YzAiOnsiY3JlYXRlIjozNjAwMDAwMDAwMDAwLCJkZWxldGUiOjM2MDAwMDAwMDAwMDAsInJlYWQiOjMwMDAwMDAwMDAwMCwidXBkYXRlIjozNjAwMDAwMDAwMDAwfSwic2NoZW1hX3ZlcnNpb24iOiIyIn0=",
          "dependencies": [
            "azurerm_resource_group.azcp2rg"
          ]
        }
      ]
    },
    {
      "mode": "managed",
      "type": "azurerm_subnet",
      "name": "azcp2Subnet",
      "provider": "provider[\"registry.terraform.io/hashicorp/azurerm\"]",
      "instances": [
        {
          "schema_version": 0,
          "attributes": {
            "address_prefix": "10.0.1.0/24",
            "address_prefixes": [
              "10.0.1.0/24"
            ],
            "delegation": [],
            "enforce_private_link_endpoint_network_policies": false,
            "enforce_private_link_service_network_policies": false,
            "id": "/subscriptions/0fd87731-d420-4798-ad4d-b180e5830b22/resourceGroups/kubernetes_rscgcp2/providers/Microsoft.Network/virtualNetworks/kubernetesnet/subnets/terraformsubnet",
            "name": "terraformsubnet",
            "resource_group_name": "kubernetes_rscgcp2",
            "service_endpoint_policy_ids": [],
            "service_endpoints": [],
            "timeouts": null,
            "virtual_network_name": "kubernetesnet"
          },
          "sensitive_attributes": [],
          "private": "eyJlMmJmYjczMC1lY2FhLTExZTYtOGY4OC0zNDM2M2JjN2M0YzAiOnsiY3JlYXRlIjoxODAwMDAwMDAwMDAwLCJkZWxldGUiOjE4MDAwMDAwMDAwMDAsInJlYWQiOjMwMDAwMDAwMDAwMCwidXBkYXRlIjoxODAwMDAwMDAwMDAwfX0=",
          "dependencies": [
            "azurerm_resource_group.azcp2rg",
            "azurerm_virtual_network.azcp2Net"
          ]
        }
      ]
    },
    {
      "mode": "managed",
      "type": "azurerm_virtual_network",
      "name": "azcp2Net",
      "provider": "provider[\"registry.terraform.io/hashicorp/azurerm\"]",
      "instances": [
        {
          "schema_version": 0,
          "attributes": {
            "address_space": [
              "10.0.0.0/16"
            ],
            "bgp_community": "",
            "ddos_protection_plan": [],
            "dns_servers": [],
            "guid": "14642ff0-26f8-4135-8120-c5549c049b05",
            "id": "/subscriptions/0fd87731-d420-4798-ad4d-b180e5830b22/resourceGroups/kubernetes_rscgcp2/providers/Microsoft.Network/virtualNetworks/kubernetesnet",
            "location": "westeurope",
            "name": "kubernetesnet",
            "resource_group_name": "kubernetes_rscgcp2",
            "subnet": [
              {
                "address_prefix": "10.0.1.0/24",
                "id": "/subscriptions/0fd87731-d420-4798-ad4d-b180e5830b22/resourceGroups/kubernetes_rscgcp2/providers/Microsoft.Network/virtualNetworks/kubernetesnet/subnets/terraformsubnet",
                "name": "terraformsubnet",
                "security_group": ""
              }
            ],
            "tags": {
              "environment": "cp2"
            },
            "timeouts": null,
            "vm_protection_enabled": false
          },
          "sensitive_attributes": [],
          "private": "eyJlMmJmYjczMC1lY2FhLTExZTYtOGY4OC0zNDM2M2JjN2M0YzAiOnsiY3JlYXRlIjoxODAwMDAwMDAwMDAwLCJkZWxldGUiOjE4MDAwMDAwMDAwMDAsInJlYWQiOjMwMDAwMDAwMDAwMCwidXBkYXRlIjoxODAwMDAwMDAwMDAwfX0=",
          "dependencies": [
            "azurerm_resource_group.azcp2rg"
          ]
        }
      ]
    }
  ]
}
